// !$*UTF8*$!
{
	archiveVersion = 1;
	classes = {
	};
	objectVersion = 77;
	objects = {

/* Begin PBXBuildFile section */
		84B4EEE72D29EA3900255C8B /* CoreData.framework in Frameworks */ = {isa = PBXBuildFile; fileRef = 84B4EEE62D29EA3800255C8B /* CoreData.framework */; };
/* End PBXBuildFile section */

/* Begin PBXContainerItemProxy section */
		E62DCFA12D4160EA008860D9 /* PBXContainerItemProxy */ = {
			isa = PBXContainerItemProxy;
			containerPortal = 8403EAB12D1DF0CF0018D787 /* Project object */;
			proxyType = 1;
			remoteGlobalIDString = 8403EAB82D1DF0CF0018D787;
			remoteInfo = FunZone;
		};
		E62DCFAE2D4160FD008860D9 /* PBXContainerItemProxy */ = {
			isa = PBXContainerItemProxy;
			containerPortal = 8403EAB12D1DF0CF0018D787 /* Project object */;
			proxyType = 1;
			remoteGlobalIDString = 8403EAB82D1DF0CF0018D787;
			remoteInfo = FunZone;
		};
/* End PBXContainerItemProxy section */

/* Begin PBXFileReference section */
		8403EAB92D1DF0CF0018D787 /* FunZone.app */ = {isa = PBXFileReference; explicitFileType = wrapper.application; includeInIndex = 0; path = FunZone.app; sourceTree = BUILT_PRODUCTS_DIR; };
		84B4EEE62D29EA3800255C8B /* CoreData.framework */ = {isa = PBXFileReference; lastKnownFileType = wrapper.framework; name = CoreData.framework; path = System/Library/Frameworks/CoreData.framework; sourceTree = SDKROOT; };
		E62DCF9B2D4160EA008860D9 /* FunZoneUITests.xctest */ = {isa = PBXFileReference; explicitFileType = wrapper.cfbundle; includeInIndex = 0; path = FunZoneUITests.xctest; sourceTree = BUILT_PRODUCTS_DIR; };
		E62DCFAA2D4160FD008860D9 /* FunZoneTests.xctest */ = {isa = PBXFileReference; explicitFileType = wrapper.cfbundle; includeInIndex = 0; path = FunZoneTests.xctest; sourceTree = BUILT_PRODUCTS_DIR; };
/* End PBXFileReference section */

/* Begin PBXFileSystemSynchronizedRootGroup section */
		8403EABB2D1DF0CF0018D787 /* FunZone */ = {
			isa = PBXFileSystemSynchronizedRootGroup;
			path = FunZone;
			sourceTree = "<group>";
		};
		E62DCF9C2D4160EA008860D9 /* FunZoneUITests */ = {
			isa = PBXFileSystemSynchronizedRootGroup;
			path = FunZoneUITests;
			sourceTree = "<group>";
		};
		E62DCFAB2D4160FD008860D9 /* FunZoneTests */ = {
			isa = PBXFileSystemSynchronizedRootGroup;
			path = FunZoneTests;
			sourceTree = "<group>";
		};
/* End PBXFileSystemSynchronizedRootGroup section */

/* Begin PBXFrameworksBuildPhase section */
		8403EAB62D1DF0CF0018D787 /* Frameworks */ = {
			isa = PBXFrameworksBuildPhase;
			buildActionMask = 2147483647;
			files = (
				84B4EEE72D29EA3900255C8B /* CoreData.framework in Frameworks */,
			);
			runOnlyForDeploymentPostprocessing = 0;
		};
		E62DCF982D4160EA008860D9 /* Frameworks */ = {
			isa = PBXFrameworksBuildPhase;
			buildActionMask = 2147483647;
			files = (
			);
			runOnlyForDeploymentPostprocessing = 0;
		};
		E62DCFA72D4160FD008860D9 /* Frameworks */ = {
			isa = PBXFrameworksBuildPhase;
			buildActionMask = 2147483647;
			files = (
			);
			runOnlyForDeploymentPostprocessing = 0;
		};
/* End PBXFrameworksBuildPhase section */

/* Begin PBXGroup section */
		8403EAB02D1DF0CF0018D787 = {
			isa = PBXGroup;
			children = (
				8403EABB2D1DF0CF0018D787 /* FunZone */,
				E62DCF9C2D4160EA008860D9 /* FunZoneUITests */,
				E62DCFAB2D4160FD008860D9 /* FunZoneTests */,
				84B4EEE52D29EA3700255C8B /* Frameworks */,
				8403EABA2D1DF0CF0018D787 /* Products */,
			);
			sourceTree = "<group>";
		};
		8403EABA2D1DF0CF0018D787 /* Products */ = {
			isa = PBXGroup;
			children = (
				8403EAB92D1DF0CF0018D787 /* FunZone.app */,
				E62DCF9B2D4160EA008860D9 /* FunZoneUITests.xctest */,
				E62DCFAA2D4160FD008860D9 /* FunZoneTests.xctest */,
			);
			name = Products;
			sourceTree = "<group>";
		};
		84B4EEE52D29EA3700255C8B /* Frameworks */ = {
			isa = PBXGroup;
			children = (
				84B4EEE62D29EA3800255C8B /* CoreData.framework */,
			);
			name = Frameworks;
			sourceTree = "<group>";
		};
/* End PBXGroup section */

/* Begin PBXNativeTarget section */
		8403EAB82D1DF0CF0018D787 /* FunZone */ = {
			isa = PBXNativeTarget;
			buildConfigurationList = 8403EACC2D1DF0D50018D787 /* Build configuration list for PBXNativeTarget "FunZone" */;
			buildPhases = (
				8403EAB52D1DF0CF0018D787 /* Sources */,
				8403EAB62D1DF0CF0018D787 /* Frameworks */,
				8403EAB72D1DF0CF0018D787 /* Resources */,
			);
			buildRules = (
			);
			dependencies = (
			);
			fileSystemSynchronizedGroups = (
				8403EABB2D1DF0CF0018D787 /* FunZone */,
			);
			name = FunZone;
			packageProductDependencies = (
			);
			productName = FunZone;
			productReference = 8403EAB92D1DF0CF0018D787 /* FunZone.app */;
			productType = "com.apple.product-type.application";
		};
		E62DCF9A2D4160EA008860D9 /* FunZoneUITests */ = {
			isa = PBXNativeTarget;
			buildConfigurationList = E62DCFA52D4160EA008860D9 /* Build configuration list for PBXNativeTarget "FunZoneUITests" */;
			buildPhases = (
				E62DCF972D4160EA008860D9 /* Sources */,
				E62DCF982D4160EA008860D9 /* Frameworks */,
				E62DCF992D4160EA008860D9 /* Resources */,
			);
			buildRules = (
			);
			dependencies = (
				E62DCFA22D4160EA008860D9 /* PBXTargetDependency */,
			);
			fileSystemSynchronizedGroups = (
				E62DCF9C2D4160EA008860D9 /* FunZoneUITests */,
			);
			name = FunZoneUITests;
			packageProductDependencies = (
			);
			productName = FunZoneUITests;
			productReference = E62DCF9B2D4160EA008860D9 /* FunZoneUITests.xctest */;
			productType = "com.apple.product-type.bundle.ui-testing";
		};
		E62DCFA92D4160FD008860D9 /* FunZoneTests */ = {
			isa = PBXNativeTarget;
			buildConfigurationList = E62DCFB02D4160FD008860D9 /* Build configuration list for PBXNativeTarget "FunZoneTests" */;
			buildPhases = (
				E62DCFA62D4160FD008860D9 /* Sources */,
				E62DCFA72D4160FD008860D9 /* Frameworks */,
				E62DCFA82D4160FD008860D9 /* Resources */,
			);
			buildRules = (
			);
			dependencies = (
				E62DCFAF2D4160FD008860D9 /* PBXTargetDependency */,
			);
			fileSystemSynchronizedGroups = (
				E62DCFAB2D4160FD008860D9 /* FunZoneTests */,
			);
			name = FunZoneTests;
			packageProductDependencies = (
			);
			productName = FunZoneTests;
			productReference = E62DCFAA2D4160FD008860D9 /* FunZoneTests.xctest */;
			productType = "com.apple.product-type.bundle.unit-test";
		};
/* End PBXNativeTarget section */

/* Begin PBXProject section */
		8403EAB12D1DF0CF0018D787 /* Project object */ = {
			isa = PBXProject;
			attributes = {
				BuildIndependentTargetsInParallel = 1;
				LastSwiftUpdateCheck = 1620;
				LastUpgradeCheck = 1620;
				TargetAttributes = {
					8403EAB82D1DF0CF0018D787 = {
						CreatedOnToolsVersion = 16.2;
					};
					E62DCF9A2D4160EA008860D9 = {
						CreatedOnToolsVersion = 16.2;
						TestTargetID = 8403EAB82D1DF0CF0018D787;
					};
					E62DCFA92D4160FD008860D9 = {
						CreatedOnToolsVersion = 16.2;
						TestTargetID = 8403EAB82D1DF0CF0018D787;
					};
				};
			};
			buildConfigurationList = 8403EAB42D1DF0CF0018D787 /* Build configuration list for PBXProject "FunZone" */;
			developmentRegion = en;
			hasScannedForEncodings = 0;
			knownRegions = (
				en,
				Base,
			);
			mainGroup = 8403EAB02D1DF0CF0018D787;
			minimizedProjectReferenceProxies = 1;
			preferredProjectObjectVersion = 77;
			productRefGroup = 8403EABA2D1DF0CF0018D787 /* Products */;
			projectDirPath = "";
			projectRoot = "";
			targets = (
				8403EAB82D1DF0CF0018D787 /* FunZone */,
				E62DCF9A2D4160EA008860D9 /* FunZoneUITests */,
				E62DCFA92D4160FD008860D9 /* FunZoneTests */,
			);
		};
/* End PBXProject section */

/* Begin PBXResourcesBuildPhase section */
		8403EAB72D1DF0CF0018D787 /* Resources */ = {
			isa = PBXResourcesBuildPhase;
			buildActionMask = 2147483647;
			files = (
			);
			runOnlyForDeploymentPostprocessing = 0;
		};
		E62DCF992D4160EA008860D9 /* Resources */ = {
			isa = PBXResourcesBuildPhase;
			buildActionMask = 2147483647;
			files = (
			);
			runOnlyForDeploymentPostprocessing = 0;
		};
		E62DCFA82D4160FD008860D9 /* Resources */ = {
			isa = PBXResourcesBuildPhase;
			buildActionMask = 2147483647;
			files = (
			);
			runOnlyForDeploymentPostprocessing = 0;
		};
/* End PBXResourcesBuildPhase section */

/* Begin PBXSourcesBuildPhase section */
		8403EAB52D1DF0CF0018D787 /* Sources */ = {
			isa = PBXSourcesBuildPhase;
			buildActionMask = 2147483647;
			files = (
			);
			runOnlyForDeploymentPostprocessing = 0;
		};
		E62DCF972D4160EA008860D9 /* Sources */ = {
			isa = PBXSourcesBuildPhase;
			buildActionMask = 2147483647;
			files = (
			);
			runOnlyForDeploymentPostprocessing = 0;
		};
		E62DCFA62D4160FD008860D9 /* Sources */ = {
			isa = PBXSourcesBuildPhase;
			buildActionMask = 2147483647;
			files = (
			);
			runOnlyForDeploymentPostprocessing = 0;
		};
/* End PBXSourcesBuildPhase section */

/* Begin PBXTargetDependency section */
		E62DCFA22D4160EA008860D9 /* PBXTargetDependency */ = {
			isa = PBXTargetDependency;
			target = 8403EAB82D1DF0CF0018D787 /* FunZone */;
			targetProxy = E62DCFA12D4160EA008860D9 /* PBXContainerItemProxy */;
		};
		E62DCFAF2D4160FD008860D9 /* PBXTargetDependency */ = {
			isa = PBXTargetDependency;
			target = 8403EAB82D1DF0CF0018D787 /* FunZone */;
			targetProxy = E62DCFAE2D4160FD008860D9 /* PBXContainerItemProxy */;
		};
/* End PBXTargetDependency section */

/* Begin XCBuildConfiguration section */
		8403EACD2D1DF0D50018D787 /* Debug */ = {
			isa = XCBuildConfiguration;
			buildSettings = {
				ASSETCATALOG_COMPILER_APPICON_NAME = AppIcon;
				ASSETCATALOG_COMPILER_GLOBAL_ACCENT_COLOR_NAME = AccentColor;
				CODE_SIGN_STYLE = Automatic;
				CURRENT_PROJECT_VERSION = 1;
				GENERATE_INFOPLIST_FILE = YES;
				INFOPLIST_FILE = FunZone/Info.plist;
				INFOPLIST_KEY_UIApplicationSupportsIndirectInputEvents = YES;
				INFOPLIST_KEY_UILaunchStoryboardName = LaunchScreen;
				INFOPLIST_KEY_UIMainStoryboardFile = Main;
				INFOPLIST_KEY_UISupportedInterfaceOrientations = UIInterfaceOrientationPortrait;
				LD_RUNPATH_SEARCH_PATHS = (
					"$(inherited)",
					"@executable_path/Frameworks",
				);
				MARKETING_VERSION = 1.0;
				PRODUCT_BUNDLE_IDENTIFIER = Revature.FunZone;
				PRODUCT_NAME = "$(TARGET_NAME)";
				SWIFT_EMIT_LOC_STRINGS = YES;
				SWIFT_VERSION = 5.0;
				TARGETED_DEVICE_FAMILY = "1,2";
			};
			name = Debug;
		};
		8403EACE2D1DF0D50018D787 /* Release */ = {
			isa = XCBuildConfiguration;
			buildSettings = {
				ASSETCATALOG_COMPILER_APPICON_NAME = AppIcon;
				ASSETCATALOG_COMPILER_GLOBAL_ACCENT_COLOR_NAME = AccentColor;
				CODE_SIGN_STYLE = Automatic;
				CURRENT_PROJECT_VERSION = 1;
				GENERATE_INFOPLIST_FILE = YES;
				INFOPLIST_FILE = FunZone/Info.plist;
				INFOPLIST_KEY_UIApplicationSupportsIndirectInputEvents = YES;
				INFOPLIST_KEY_UILaunchStoryboardName = LaunchScreen;
				INFOPLIST_KEY_UIMainStoryboardFile = Main;
				INFOPLIST_KEY_UISupportedInterfaceOrientations = UIInterfaceOrientationPortrait;
				LD_RUNPATH_SEARCH_PATHS = (
					"$(inherited)",
					"@executable_path/Frameworks",
				);
				MARKETING_VERSION = 1.0;
				PRODUCT_BUNDLE_IDENTIFIER = Revature.FunZone;
				PRODUCT_NAME = "$(TARGET_NAME)";
				SWIFT_EMIT_LOC_STRINGS = YES;
				SWIFT_VERSION = 5.0;
				TARGETED_DEVICE_FAMILY = "1,2";
			};
			name = Release;
		};
		8403EACF2D1DF0D50018D787 /* Debug */ = {
			isa = XCBuildConfiguration;
			buildSettings = {
				ALWAYS_SEARCH_USER_PATHS = NO;
				ASSETCATALOG_COMPILER_GENERATE_SWIFT_ASSET_SYMBOL_EXTENSIONS = YES;
				CLANG_ANALYZER_NONNULL = YES;
				CLANG_ANALYZER_NUMBER_OBJECT_CONVERSION = YES_AGGRESSIVE;
				CLANG_CXX_LANGUAGE_STANDARD = "gnu++20";
				CLANG_ENABLE_MODULES = YES;
				CLANG_ENABLE_OBJC_ARC = YES;
				CLANG_ENABLE_OBJC_WEAK = YES;
				CLANG_WARN_BLOCK_CAPTURE_AUTORELEASING = YES;
				CLANG_WARN_BOOL_CONVERSION = YES;
				CLANG_WARN_COMMA = YES;
				CLANG_WARN_CONSTANT_CONVERSION = YES;
				CLANG_WARN_DEPRECATED_OBJC_IMPLEMENTATIONS = YES;
				CLANG_WARN_DIRECT_OBJC_ISA_USAGE = YES_ERROR;
				CLANG_WARN_DOCUMENTATION_COMMENTS = YES;
				CLANG_WARN_EMPTY_BODY = YES;
				CLANG_WARN_ENUM_CONVERSION = YES;
				CLANG_WARN_INFINITE_RECURSION = YES;
				CLANG_WARN_INT_CONVERSION = YES;
				CLANG_WARN_NON_LITERAL_NULL_CONVERSION = YES;
				CLANG_WARN_OBJC_IMPLICIT_RETAIN_SELF = YES;
				CLANG_WARN_OBJC_LITERAL_CONVERSION = YES;
				CLANG_WARN_OBJC_ROOT_CLASS = YES_ERROR;
				CLANG_WARN_QUOTED_INCLUDE_IN_FRAMEWORK_HEADER = YES;
				CLANG_WARN_RANGE_LOOP_ANALYSIS = YES;
				CLANG_WARN_STRICT_PROTOTYPES = YES;
				CLANG_WARN_SUSPICIOUS_MOVE = YES;
				CLANG_WARN_UNGUARDED_AVAILABILITY = YES_AGGRESSIVE;
				CLANG_WARN_UNREACHABLE_CODE = YES;
				CLANG_WARN__DUPLICATE_METHOD_MATCH = YES;
				COPY_PHASE_STRIP = NO;
				DEBUG_INFORMATION_FORMAT = dwarf;
				ENABLE_STRICT_OBJC_MSGSEND = YES;
				ENABLE_TESTABILITY = YES;
				ENABLE_USER_SCRIPT_SANDBOXING = YES;
				GCC_C_LANGUAGE_STANDARD = gnu17;
				GCC_DYNAMIC_NO_PIC = NO;
				GCC_NO_COMMON_BLOCKS = YES;
				GCC_OPTIMIZATION_LEVEL = 0;
				GCC_PREPROCESSOR_DEFINITIONS = (
					"DEBUG=1",
					"$(inherited)",
				);
				GCC_WARN_64_TO_32_BIT_CONVERSION = YES;
				GCC_WARN_ABOUT_RETURN_TYPE = YES_ERROR;
				GCC_WARN_UNDECLARED_SELECTOR = YES;
				GCC_WARN_UNINITIALIZED_AUTOS = YES_AGGRESSIVE;
				GCC_WARN_UNUSED_FUNCTION = YES;
				GCC_WARN_UNUSED_VARIABLE = YES;
				IPHONEOS_DEPLOYMENT_TARGET = 18.2;
				LOCALIZATION_PREFERS_STRING_CATALOGS = YES;
				MTL_ENABLE_DEBUG_INFO = INCLUDE_SOURCE;
				MTL_FAST_MATH = YES;
				ONLY_ACTIVE_ARCH = YES;
				SDKROOT = iphoneos;
				SWIFT_ACTIVE_COMPILATION_CONDITIONS = "DEBUG $(inherited)";
				SWIFT_OPTIMIZATION_LEVEL = "-Onone";
			};
			name = Debug;
		};
		8403EAD02D1DF0D50018D787 /* Release */ = {
			isa = XCBuildConfiguration;
			buildSettings = {
				ALWAYS_SEARCH_USER_PATHS = NO;
				ASSETCATALOG_COMPILER_GENERATE_SWIFT_ASSET_SYMBOL_EXTENSIONS = YES;
				CLANG_ANALYZER_NONNULL = YES;
				CLANG_ANALYZER_NUMBER_OBJECT_CONVERSION = YES_AGGRESSIVE;
				CLANG_CXX_LANGUAGE_STANDARD = "gnu++20";
				CLANG_ENABLE_MODULES = YES;
				CLANG_ENABLE_OBJC_ARC = YES;
				CLANG_ENABLE_OBJC_WEAK = YES;
				CLANG_WARN_BLOCK_CAPTURE_AUTORELEASING = YES;
				CLANG_WARN_BOOL_CONVERSION = YES;
				CLANG_WARN_COMMA = YES;
				CLANG_WARN_CONSTANT_CONVERSION = YES;
				CLANG_WARN_DEPRECATED_OBJC_IMPLEMENTATIONS = YES;
				CLANG_WARN_DIRECT_OBJC_ISA_USAGE = YES_ERROR;
				CLANG_WARN_DOCUMENTATION_COMMENTS = YES;
				CLANG_WARN_EMPTY_BODY = YES;
				CLANG_WARN_ENUM_CONVERSION = YES;
				CLANG_WARN_INFINITE_RECURSION = YES;
				CLANG_WARN_INT_CONVERSION = YES;
				CLANG_WARN_NON_LITERAL_NULL_CONVERSION = YES;
				CLANG_WARN_OBJC_IMPLICIT_RETAIN_SELF = YES;
				CLANG_WARN_OBJC_LITERAL_CONVERSION = YES;
				CLANG_WARN_OBJC_ROOT_CLASS = YES_ERROR;
				CLANG_WARN_QUOTED_INCLUDE_IN_FRAMEWORK_HEADER = YES;
				CLANG_WARN_RANGE_LOOP_ANALYSIS = YES;
				CLANG_WARN_STRICT_PROTOTYPES = YES;
				CLANG_WARN_SUSPICIOUS_MOVE = YES;
				CLANG_WARN_UNGUARDED_AVAILABILITY = YES_AGGRESSIVE;
				CLANG_WARN_UNREACHABLE_CODE = YES;
				CLANG_WARN__DUPLICATE_METHOD_MATCH = YES;
				COPY_PHASE_STRIP = NO;
				DEBUG_INFORMATION_FORMAT = "dwarf-with-dsym";
				ENABLE_NS_ASSERTIONS = NO;
				ENABLE_STRICT_OBJC_MSGSEND = YES;
				ENABLE_USER_SCRIPT_SANDBOXING = YES;
				GCC_C_LANGUAGE_STANDARD = gnu17;
				GCC_NO_COMMON_BLOCKS = YES;
				GCC_WARN_64_TO_32_BIT_CONVERSION = YES;
				GCC_WARN_ABOUT_RETURN_TYPE = YES_ERROR;
				GCC_WARN_UNDECLARED_SELECTOR = YES;
				GCC_WARN_UNINITIALIZED_AUTOS = YES_AGGRESSIVE;
				GCC_WARN_UNUSED_FUNCTION = YES;
				GCC_WARN_UNUSED_VARIABLE = YES;
				IPHONEOS_DEPLOYMENT_TARGET = 18.2;
				LOCALIZATION_PREFERS_STRING_CATALOGS = YES;
				MTL_ENABLE_DEBUG_INFO = NO;
				MTL_FAST_MATH = YES;
				SDKROOT = iphoneos;
				SWIFT_COMPILATION_MODE = wholemodule;
				VALIDATE_PRODUCT = YES;
			};
			name = Release;
		};
		E62DCFA32D4160EA008860D9 /* Debug */ = {
			isa = XCBuildConfiguration;
			buildSettings = {
				CODE_SIGN_STYLE = Automatic;
				CURRENT_PROJECT_VERSION = 1;
				GENERATE_INFOPLIST_FILE = YES;
				MARKETING_VERSION = 1.0;
				PRODUCT_BUNDLE_IDENTIFIER = Revature.FunZoneUITests;
				PRODUCT_NAME = "$(TARGET_NAME)";
				SWIFT_EMIT_LOC_STRINGS = NO;
				SWIFT_VERSION = 5.0;
				TARGETED_DEVICE_FAMILY = "1,2";
				TEST_TARGET_NAME = FunZone;
			};
			name = Debug;
		};
		E62DCFA42D4160EA008860D9 /* Release */ = {
			isa = XCBuildConfiguration;
			buildSettings = {
				CODE_SIGN_STYLE = Automatic;
				CURRENT_PROJECT_VERSION = 1;
				GENERATE_INFOPLIST_FILE = YES;
				MARKETING_VERSION = 1.0;
				PRODUCT_BUNDLE_IDENTIFIER = Revature.FunZoneUITests;
				PRODUCT_NAME = "$(TARGET_NAME)";
				SWIFT_EMIT_LOC_STRINGS = NO;
				SWIFT_VERSION = 5.0;
				TARGETED_DEVICE_FAMILY = "1,2";
				TEST_TARGET_NAME = FunZone;
			};
			name = Release;
		};
		E62DCFB12D4160FD008860D9 /* Debug */ = {
			isa = XCBuildConfiguration;
			buildSettings = {
				BUNDLE_LOADER = "$(TEST_HOST)";
				CODE_SIGN_STYLE = Automatic;
				CURRENT_PROJECT_VERSION = 1;
				GENERATE_INFOPLIST_FILE = YES;
				MARKETING_VERSION = 1.0;
				PRODUCT_BUNDLE_IDENTIFIER = Revature.FunZoneTests;
				PRODUCT_NAME = "$(TARGET_NAME)";
				SWIFT_EMIT_LOC_STRINGS = NO;
				SWIFT_VERSION = 5.0;
				TARGETED_DEVICE_FAMILY = "1,2";
				TEST_HOST = "$(BUILT_PRODUCTS_DIR)/FunZone.app/$(BUNDLE_EXECUTABLE_FOLDER_PATH)/FunZone";
			};
			name = Debug;
		};
		E62DCFB22D4160FD008860D9 /* Release */ = {
			isa = XCBuildConfiguration;
			buildSettings = {
				BUNDLE_LOADER = "$(TEST_HOST)";
				CODE_SIGN_STYLE = Automatic;
				CURRENT_PROJECT_VERSION = 1;
				GENERATE_INFOPLIST_FILE = YES;
				MARKETING_VERSION = 1.0;
				PRODUCT_BUNDLE_IDENTIFIER = Revature.FunZoneTests;
				PRODUCT_NAME = "$(TARGET_NAME)";
				SWIFT_EMIT_LOC_STRINGS = NO;
				SWIFT_VERSION = 5.0;
				TARGETED_DEVICE_FAMILY = "1,2";
				TEST_HOST = "$(BUILT_PRODUCTS_DIR)/FunZone.app/$(BUNDLE_EXECUTABLE_FOLDER_PATH)/FunZone";
			};
			name = Release;
		};
/* End XCBuildConfiguration section */

/* Begin XCConfigurationList section */
		8403EAB42D1DF0CF0018D787 /* Build configuration list for PBXProject "FunZone" */ = {
			isa = XCConfigurationList;
			buildConfigurations = (
				8403EACF2D1DF0D50018D787 /* Debug */,
				8403EAD02D1DF0D50018D787 /* Release */,
			);
			defaultConfigurationIsVisible = 0;
			defaultConfigurationName = Release;
		};
		8403EACC2D1DF0D50018D787 /* Build configuration list for PBXNativeTarget "FunZone" */ = {
			isa = XCConfigurationList;
			buildConfigurations = (
				8403EACD2D1DF0D50018D787 /* Debug */,
				8403EACE2D1DF0D50018D787 /* Release */,
			);
			defaultConfigurationIsVisible = 0;
			defaultConfigurationName = Release;
		};
		E62DCFA52D4160EA008860D9 /* Build configuration list for PBXNativeTarget "FunZoneUITests" */ = {
			isa = XCConfigurationList;
			buildConfigurations = (
				E62DCFA32D4160EA008860D9 /* Debug */,
				E62DCFA42D4160EA008860D9 /* Release */,
			);
			defaultConfigurationIsVisible = 0;
			defaultConfigurationName = Release;
		};
		E62DCFB02D4160FD008860D9 /* Build configuration list for PBXNativeTarget "FunZoneTests" */ = {
			isa = XCConfigurationList;
			buildConfigurations = (
				E62DCFB12D4160FD008860D9 /* Debug */,
				E62DCFB22D4160FD008860D9 /* Release */,
			);
			defaultConfigurationIsVisible = 0;
			defaultConfigurationName = Release;
		};
/* End XCConfigurationList section */
	};
	rootObject = 8403EAB12D1DF0CF0018D787 /* Project object */;
}
